
Microsoft Visual Studio Solution File, Format Version 12.00
# Visual Studio Version 16
VisualStudioVersion = 16.0.31729.503
MinimumVisualStudioVersion = 10.0.40219.1
Project("{FAE04EC0-301F-11D3-BF4B-00C04F79EFBC}") = "MCD_MetotAsiriYukleme", "MCD_MetotAsiriYukleme\MCD_MetotAsiriYukleme.csproj", "{6C3DCE69-3F5F-4832-97A7-DB36E7F5CFE9}"
EndProject
Global
	GlobalSection(SolutionConfigurationPlatforms) = preSolution
		Debug|Any CPU = Debug|Any CPU
		Release|Any CPU = Release|Any CPU
	EndGlobalSection
	GlobalSection(ProjectConfigurationPlatforms) = postSolution
		{6C3DCE69-3F5F-4832-97A7-DB36E7F5CFE9}.Debug|Any CPU.ActiveCfg = Debug|Any CPU
		{6C3DCE69-3F5F-4832-97A7-DB36E7F5CFE9}.Debug|Any CPU.Build.0 = Debug|Any CPU
		{6C3DCE69-3F5F-4832-97A7-DB36E7F5CFE9}.Release|Any CPU.ActiveCfg = Release|Any CPU
		{6C3DCE69-3F5F-4832-97A7-DB36E7F5CFE9}.Release|Any CPU.Build.0 = Release|Any CPU
	EndGlobalSection
	GlobalSection(SolutionProperties) = preSolution
		HideSolutionNode = FALSE
	EndGlobalSection
	GlobalSection(ExtensibilityGlobals) = postSolution
		SolutionGuid = {38708CC0-C8BA-43E1-A5E8-4A0CBB72F01F}
	EndGlobalSection
EndGlobal
